
Microsoft Visual Studio Solution File, Format Version 12.00
# Visual Studio 15
VisualStudioVersion = 15.0.28307.1525
MinimumVisualStudioVersion = 10.0.40219.1
Project("{FAE04EC0-301F-11D3-BF4B-00C04F79EFBC}") = "QuizWebAPI", "QuizWebAPI\QuizWebAPI.csproj", "{DAD70F60-0547-4A9A-866F-2A0CA36538BD}"
EndProject
Global
	GlobalSection(SolutionConfigurationPlatforms) = preSolution
		Debug|Any CPU = Debug|Any CPU
		Release|Any CPU = Release|Any CPU
	EndGlobalSection
	GlobalSection(ProjectConfigurationPlatforms) = postSolution
		{DAD70F60-0547-4A9A-866F-2A0CA36538BD}.Debug|Any CPU.ActiveCfg = Debug|Any CPU
		{DAD70F60-0547-4A9A-866F-2A0CA36538BD}.Debug|Any CPU.Build.0 = Debug|Any CPU
		{DAD70F60-0547-4A9A-866F-2A0CA36538BD}.Release|Any CPU.ActiveCfg = Release|Any CPU
		{DAD70F60-0547-4A9A-866F-2A0CA36538BD}.Release|Any CPU.Build.0 = Release|Any CPU
	EndGlobalSection
	GlobalSection(SolutionProperties) = preSolution
		HideSolutionNode = FALSE
	EndGlobalSection
	GlobalSection(ExtensibilityGlobals) = postSolution
		SolutionGuid = {542825F1-2424-41D1-8BDE-E0516909F6E4}
	EndGlobalSection
EndGlobal
